// !$*UTF8*$!
{
	archiveVersion = 1;
	classes = {
	};
	objectVersion = 50;
	objects = {

/* Begin PBXBuildFile section */
		A4BB9B5223E98B49004EC850 /* AppDelegate.swift in Sources */ = {isa = PBXBuildFile; fileRef = A4BB9B5123E98B49004EC850 /* AppDelegate.swift */; };
		A4BB9B5423E98B49004EC850 /* SceneDelegate.swift in Sources */ = {isa = PBXBuildFile; fileRef = A4BB9B5323E98B49004EC850 /* SceneDelegate.swift */; };
		A4BB9B5623E98B49004EC850 /* ViewController.swift in Sources */ = {isa = PBXBuildFile; fileRef = A4BB9B5523E98B49004EC850 /* ViewController.swift */; };
		A4BB9B5923E98B49004EC850 /* Main.storyboard in Resources */ = {isa = PBXBuildFile; fileRef = A4BB9B5723E98B49004EC850 /* Main.storyboard */; };
		A4BB9B5B23E98B4A004EC850 /* Assets.xcassets in Resources */ = {isa = PBXBuildFile; fileRef = A4BB9B5A23E98B4A004EC850 /* Assets.xcassets */; };
		A4BB9B5E23E98B4A004EC850 /* LaunchScreen.storyboard in Resources */ = {isa = PBXBuildFile; fileRef = A4BB9B5C23E98B4A004EC850 /* LaunchScreen.storyboard */; };
/* End PBXBuildFile section */

/* Begin PBXFileReference section */
		A4BB9B4E23E98B49004EC850 /* StormViewerApp.app */ = {isa = PBXFileReference; explicitFileType = wrapper.application; includeInIndex = 0; path = StormViewerApp.app; sourceTree = BUILT_PRODUCTS_DIR; };
		A4BB9B5123E98B49004EC850 /* AppDelegate.swift */ = {isa = PBXFileReference; lastKnownFileType = sourcecode.swift; path = AppDelegate.swift; sourceTree = "<group>"; };
		A4BB9B5323E98B49004EC850 /* SceneDelegate.swift */ = {isa = PBXFileReference; lastKnownFileType = sourcecode.swift; path = SceneDelegate.swift; sourceTree = "<group>"; };
		A4BB9B5523E98B49004EC850 /* ViewController.swift */ = {isa = PBXFileReference; lastKnownFileType = sourcecode.swift; path = ViewController.swift; sourceTree = "<group>"; };
		A4BB9B5823E98B49004EC850 /* Base */ = {isa = PBXFileReference; lastKnownFileType = file.storyboard; name = Base; path = Base.lproj/Main.storyboard; sourceTree = "<group>"; };
		A4BB9B5A23E98B4A004EC850 /* Assets.xcassets */ = {isa = PBXFileReference; lastKnownFileType = folder.assetcatalog; path = Assets.xcassets; sourceTree = "<group>"; };
		A4BB9B5D23E98B4A004EC850 /* Base */ = {isa = PBXFileReference; lastKnownFileType = file.storyboard; name = Base; path = Base.lproj/LaunchScreen.storyboard; sourceTree = "<group>"; };
		A4BB9B5F23E98B4A004EC850 /* Info.plist */ = {isa = PBXFileReference; lastKnownFileType = text.plist.xml; path = Info.plist; sourceTree = "<group>"; };
/* End PBXFileReference section */

/* Begin PBXFrameworksBuildPhase section */
		A4BB9B4B23E98B49004EC850 /* Frameworks */ = {
			isa = PBXFrameworksBuildPhase;
			buildActionMask = 2147483647;
			files = (
			);
			runOnlyForDeploymentPostprocessing = 0;
		};
/* End PBXFrameworksBuildPhase section */

/* Begin PBXGroup section */
		A4BB9B4523E98B49004EC850 = {
			isa = PBXGroup;
			children = (
				A4BB9B5023E98B49004EC850 /* StormViewerApp */,
				A4BB9B4F23E98B49004EC850 /* Products */,
			);
			sourceTree = "<group>";
		};
		A4BB9B4F23E98B49004EC850 /* Products */ = {
			isa = PBXGroup;
			children = (
				A4BB9B4E23E98B49004EC850 /* StormViewerApp.app */,
			);
			name = Products;
			sourceTree = "<group>";
		};
		A4BB9B5023E98B49004EC850 /* StormViewerApp */ = {
			isa = PBXGroup;
			children = (
				A4BB9B5123E98B49004EC850 /* AppDelegate.swift */,
				A4BB9B5323E98B49004EC850 /* SceneDelegate.swift */,
				A4BB9B5523E98B49004EC850 /* ViewController.swift */,
				A4BB9B5723E98B49004EC850 /* Main.storyboard */,
				A4BB9B5A23E98B4A004EC850 /* Assets.xcassets */,
				A4BB9B5C23E98B4A004EC850 /* LaunchScreen.storyboard */,
				A4BB9B5F23E98B4A004EC850 /* Info.plist */,
			);
			path = StormViewerApp;
			sourceTree = "<group>";
		};
/* End PBXGroup section */

/* Begin PBXNativeTarget section */
		A4BB9B4D23E98B49004EC850 /* StormViewerApp */ = {
			isa = PBXNativeTarget;
			buildConfigurationList = A4BB9B6223E98B4A004EC850 /* Build configuration list for PBXNativeTarget "StormViewerApp" */;
			buildPhases = (
				A4BB9B4A23E98B49004EC850 /* Sources */,
				A4BB9B4B23E98B49004EC850 /* Frameworks */,
				A4BB9B4C23E98B49004EC850 /* Resources */,
			);
			buildRules = (
			);
			dependencies = (
			);
			name = StormViewerApp;
			productName = StormViewerApp;
			productReference = A4BB9B4E23E98B49004EC850 /* StormViewerApp.app */;
			productType = "com.apple.product-type.application";
		};
/* End PBXNativeTarget section */

/* Begin PBXProject section */
		A4BB9B4623E98B49004EC850 /* Project object */ = {
			isa = PBXProject;
			attributes = {
				LastSwiftUpdateCheck = 1120;
				LastUpgradeCheck = 1120;
				ORGANIZATIONNAME = "Salma Salah";
				TargetAttributes = {
					A4BB9B4D23E98B49004EC850 = {
						CreatedOnToolsVersion = 11.2.1;
					};
				};
			};
			buildConfigurationList = A4BB9B4923E98B49004EC850 /* Build configuration list for PBXProject "StormViewerApp" */;
			compatibilityVersion = "Xcode 9.3";
			developmentRegion = en;
			hasScannedForEncodings = 0;
			knownRegions = (
				en,
				Base,
			);
			mainGroup = A4BB9B4523E98B49004EC850;
			productRefGroup = A4BB9B4F23E98B49004EC850 /* Products */;
			projectDirPath = "";
			projectRoot = "";
			targets = (
				A4BB9B4D23E98B49004EC850 /* StormViewerApp */,
			);
		};
/* End PBXProject section */

/* Begin PBXResourcesBuildPhase section */
		A4BB9B4C23E98B49004EC850 /* Resources */ = {
			isa = PBXResourcesBuildPhase;
			buildActionMask = 2147483647;
			files = (
				A4BB9B5E23E98B4A004EC850 /* LaunchScreen.storyboard in Resources */,
				A4BB9B5B23E98B4A004EC850 /* Assets.xcassets in Resources */,
				A4BB9B5923E98B49004EC850 /* Main.storyboard in Resources */,
			);
			runOnlyForDeploymentPostprocessing = 0;
		};
/* End PBXResourcesBuildPhase section */

/* Begin PBXSourcesBuildPhase section */
		A4BB9B4A23E98B49004EC850 /* Sources */ = {
			isa = PBXSourcesBuildPhase;
			buildActionMask = 2147483647;
			files = (
				A4BB9B5623E98B49004EC850 /* ViewController.swift in Sources */,
				A4BB9B5223E98B49004EC850 /* AppDelegate.swift in Sources */,
				A4BB9B5423E98B49004EC850 /* SceneDelegate.swift in Sources */,
			);
			runOnlyForDeploymentPostprocessing = 0;
		};
/* End PBXSourcesBuildPhase section */

/* Begin PBXVariantGroup section */
		A4BB9B5723E98B49004EC850 /* Main.storyboard */ = {
			isa = PBXVariantGroup;
			children = (
				A4BB9B5823E98B49004EC850 /* Base */,
			);
			name = Main.storyboard;
			sourceTree = "<group>";
		};
		A4BB9B5C23E98B4A004EC850 /* LaunchScreen.storyboard */ = {
			isa = PBXVariantGroup;
			children = (
				A4BB9B5D23E98B4A004EC850 /* Base */,
			);
			name = LaunchScreen.storyboard;
			sourceTree = "<group>";
		};
/* End PBXVariantGroup section */

/* Begin XCBuildConfiguration section */
		A4BB9B6023E98B4A004EC850 /* Debug */ = {
			isa = XCBuildConfiguration;
			buildSettings = {
				ALWAYS_SEARCH_USER_PATHS = NO;
				CLANG_ANALYZER_NONNULL = YES;
				CLANG_ANALYZER_NUMBER_OBJECT_CONVERSION = YES_AGGRESSIVE;
				CLANG_CXX_LANGUAGE_STANDARD = "gnu++14";
				CLANG_CXX_LIBRARY = "libc++";
				CLANG_ENABLE_MODULES = YES;
				CLANG_ENABLE_OBJC_ARC = YES;
				CLANG_ENABLE_OBJC_WEAK = YES;
				CLANG_WARN_BLOCK_CAPTURE_AUTORELEASING = YES;
				CLANG_WARN_BOOL_CONVERSION = YES;
				CLANG_WARN_COMMA = YES;
				CLANG_WARN_CONSTANT_CONVERSION = YES;
				CLANG_WARN_DEPRECATED_OBJC_IMPLEMENTATIONS = YES;
				CLANG_WARN_DIRECT_OBJC_ISA_USAGE = YES_ERROR;
				CLANG_WARN_DOCUMENTATION_COMMENTS = YES;
				CLANG_WARN_EMPTY_BODY = YES;
				CLANG_WARN_ENUM_CONVERSION = YES;
				CLANG_WARN_INFINITE_RECURSION = YES;
				CLANG_WARN_INT_CONVERSION = YES;
				CLANG_WARN_NON_LITERAL_NULL_CONVERSION = YES;
				CLANG_WARN_OBJC_IMPLICIT_RETAIN_SELF = YES;
				CLANG_WARN_OBJC_LITERAL_CONVERSION = YES;
				CLANG_WARN_OBJC_ROOT_CLASS = YES_ERROR;
				CLANG_WARN_RANGE_LOOP_ANALYSIS = YES;
				CLANG_WARN_STRICT_PROTOTYPES = YES;
				CLANG_WARN_SUSPICIOUS_MOVE = YES;
				CLANG_WARN_UNGUARDED_AVAILABILITY = YES_AGGRESSIVE;
				CLANG_WARN_UNREACHABLE_CODE = YES;
				CLANG_WARN__DUPLICATE_METHOD_MATCH = YES;
				COPY_PHASE_STRIP = NO;
				DEBUG_INFORMATION_FORMAT = dwarf;
				ENABLE_STRICT_OBJC_MSGSEND = YES;
				ENABLE_TESTABILITY = YES;
				GCC_C_LANGUAGE_STANDARD = gnu11;
				GCC_DYNAMIC_NO_PIC = NO;
				GCC_NO_COMMON_BLOCKS = YES;
				GCC_OPTIMIZATION_LEVEL = 0;
				GCC_PREPROCESSOR_DEFINITIONS = (
					"DEBUG=1",
					"$(inherited)",
				);
				GCC_WARN_64_TO_32_BIT_CONVERSION = YES;
				GCC_WARN_ABOUT_RETURN_TYPE = YES_ERROR;
				GCC_WARN_UNDECLARED_SELECTOR = YES;
				GCC_WARN_UNINITIALIZED_AUTOS = YES_AGGRESSIVE;
				GCC_WARN_UNUSED_FUNCTION = YES;
				GCC_WARN_UNUSED_VARIABLE = YES;
				IPHONEOS_DEPLOYMENT_TARGET = 13.2;
				MTL_ENABLE_DEBUG_INFO = INCLUDE_SOURCE;
				MTL_FAST_MATH = YES;
				ONLY_ACTIVE_ARCH = YES;
				SDKROOT = iphoneos;
				SWIFT_ACTIVE_COMPILATION_CONDITIONS = DEBUG;
				SWIFT_OPTIMIZATION_LEVEL = "-Onone";
			};
			name = Debug;
		};
		A4BB9B6123E98B4A004EC850 /* Release */ = {
			isa = XCBuildConfiguration;
			buildSettings = {
				ALWAYS_SEARCH_USER_PATHS = NO;
				CLANG_ANALYZER_NONNULL = YES;
				CLANG_ANALYZER_NUMBER_OBJECT_CONVERSION = YES_AGGRESSIVE;
				CLANG_CXX_LANGUAGE_STANDARD = "gnu++14";
				CLANG_CXX_LIBRARY = "libc++";
				CLANG_ENABLE_MODULES = YES;
				CLANG_ENABLE_OBJC_ARC = YES;
				CLANG_ENABLE_OBJC_WEAK = YES;
				CLANG_WARN_BLOCK_CAPTURE_AUTORELEASING = YES;
				CLANG_WARN_BOOL_CONVERSION = YES;
				CLANG_WARN_COMMA = YES;
				CLANG_WARN_CONSTANT_CONVERSION = YES;
				CLANG_WARN_DEPRECATED_OBJC_IMPLEMENTATIONS = YES;
				CLANG_WARN_DIRECT_OBJC_ISA_USAGE = YES_ERROR;
				CLANG_WARN_DOCUMENTATION_COMMENTS = YES;
				CLANG_WARN_EMPTY_BODY = YES;
				CLANG_WARN_ENUM_CONVERSION = YES;
				CLANG_WARN_INFINITE_RECURSION = YES;
				CLANG_WARN_INT_CONVERSION = YES;
				CLANG_WARN_NON_LITERAL_NULL_CONVERSION = YES;
				CLANG_WARN_OBJC_IMPLICIT_RETAIN_SELF = YES;
				CLANG_WARN_OBJC_LITERAL_CONVERSION = YES;
				CLANG_WARN_OBJC_ROOT_CLASS = YES_ERROR;
				CLANG_WARN_RANGE_LOOP_ANALYSIS = YES;
				CLANG_WARN_STRICT_PROTOTYPES = YES;
				CLANG_WARN_SUSPICIOUS_MOVE = YES;
				CLANG_WARN_UNGUARDED_AVAILABILITY = YES_AGGRESSIVE;
				CLANG_WARN_UNREACHABLE_CODE = YES;
				CLANG_WARN__DUPLICATE_METHOD_MATCH = YES;
				COPY_PHASE_STRIP = NO;
				DEBUG_INFORMATION_FORMAT = "dwarf-with-dsym";
				ENABLE_NS_ASSERTIONS = NO;
				ENABLE_STRICT_OBJC_MSGSEND = YES;
				GCC_C_LANGUAGE_STANDARD = gnu11;
				GCC_NO_COMMON_BLOCKS = YES;
				GCC_WARN_64_TO_32_BIT_CONVERSION = YES;
				GCC_WARN_ABOUT_RETURN_TYPE = YES_ERROR;
				GCC_WARN_UNDECLARED_SELECTOR = YES;
				GCC_WARN_UNINITIALIZED_AUTOS = YES_AGGRESSIVE;
				GCC_WARN_UNUSED_FUNCTION = YES;
				GCC_WARN_UNUSED_VARIABLE = YES;
				IPHONEOS_DEPLOYMENT_TARGET = 13.2;
				MTL_ENABLE_DEBUG_INFO = NO;
				MTL_FAST_MATH = YES;
				SDKROOT = iphoneos;
				SWIFT_COMPILATION_MODE = wholemodule;
				SWIFT_OPTIMIZATION_LEVEL = "-O";
				VALIDATE_PRODUCT = YES;
			};
			name = Release;
		};
		A4BB9B6323E98B4A004EC850 /* Debug */ = {
			isa = XCBuildConfiguration;
			buildSettings = {
				ASSETCATALOG_COMPILER_APPICON_NAME = AppIcon;
				CODE_SIGN_STYLE = Automatic;
				INFOPLIST_FILE = StormViewerApp/Info.plist;
				LD_RUNPATH_SEARCH_PATHS = (
					"$(inherited)",
					"@executable_path/Frameworks",
				);
				PRODUCT_BUNDLE_IDENTIFIER = com.salma.StormViewerApp;
				PRODUCT_NAME = "$(TARGET_NAME)";
				SWIFT_VERSION = 5.0;
				TARGETED_DEVICE_FAMILY = "1,2";
			};
			name = Debug;
		};
		A4BB9B6423E98B4A004EC850 /* Release */ = {
			isa = XCBuildConfiguration;
			buildSettings = {
				ASSETCATALOG_COMPILER_APPICON_NAME = AppIcon;
				CODE_SIGN_STYLE = Automatic;
				INFOPLIST_FILE = StormViewerApp/Info.plist;
				LD_RUNPATH_SEARCH_PATHS = (
					"$(inherited)",
					"@executable_path/Frameworks",
				);
				PRODUCT_BUNDLE_IDENTIFIER = com.salma.StormViewerApp;
				PRODUCT_NAME = "$(TARGET_NAME)";
				SWIFT_VERSION = 5.0;
				TARGETED_DEVICE_FAMILY = "1,2";
			};
			name = Release;
		};
/* End XCBuildConfiguration section */

/* Begin XCConfigurationList section */
		A4BB9B4923E98B49004EC850 /* Build configuration list for PBXProject "StormViewerApp" */ = {
			isa = XCConfigurationList;
			buildConfigurations = (
				A4BB9B6023E98B4A004EC850 /* Debug */,
				A4BB9B6123E98B4A004EC850 /* Release */,
			);
			defaultConfigurationIsVisible = 0;
			defaultConfigurationName = Release;
		};
		A4BB9B6223E98B4A004EC850 /* Build configuration list for PBXNativeTarget "StormViewerApp" */ = {
			isa = XCConfigurationList;
			buildConfigurations = (
				A4BB9B6323E98B4A004EC850 /* Debug */,
				A4BB9B6423E98B4A004EC850 /* Release */,
			);
			defaultConfigurationIsVisible = 0;
			defaultConfigurationName = Release;
		};
/* End XCConfigurationList section */
	};
	rootObject = A4BB9B4623E98B49004EC850 /* Project object */;
}
